
Microsoft Visual Studio Solution File, Format Version 12.00
# Visual Studio Version 16
VisualStudioVersion = 16.0.810.18
MinimumVisualStudioVersion = 10.0.40219.1
Project("{FAE04EC0-301F-11D3-BF4B-00C04F79EFBC}") = "tweetprj", "tweetprj\tweetprj.csproj", "{74969735-C8C0-4EAF-A619-B55C910D8942}"
EndProject
Global
	GlobalSection(SolutionConfigurationPlatforms) = preSolution
		Debug|Any CPU = Debug|Any CPU
		Release|Any CPU = Release|Any CPU
	EndGlobalSection
	GlobalSection(ProjectConfigurationPlatforms) = postSolution
		{74969735-C8C0-4EAF-A619-B55C910D8942}.Debug|Any CPU.ActiveCfg = Debug|Any CPU
		{74969735-C8C0-4EAF-A619-B55C910D8942}.Debug|Any CPU.Build.0 = Debug|Any CPU
		{74969735-C8C0-4EAF-A619-B55C910D8942}.Release|Any CPU.ActiveCfg = Release|Any CPU
		{74969735-C8C0-4EAF-A619-B55C910D8942}.Release|Any CPU.Build.0 = Release|Any CPU
	EndGlobalSection
	GlobalSection(SolutionProperties) = preSolution
		HideSolutionNode = FALSE
	EndGlobalSection
	GlobalSection(ExtensibilityGlobals) = postSolution
		SolutionGuid = {4A6BF39D-C9F9-4356-AAA3-C40F0A222672}
	EndGlobalSection
EndGlobal
